
Microsoft Visual Studio Solution File, Format Version 12.00
# Visual Studio Version 16
VisualStudioVersion = 16.0.30320.27
MinimumVisualStudioVersion = 10.0.40219.1
Project("{9A19103F-16F7-4668-BE54-9A1E7A4F7556}") = "YoYoTest.Library", "YoYoTest.Library\YoYoTest.Library.csproj", "{31A5D3C8-ACA5-43B6-A7B0-DBE0B31A548F}"
EndProject
Project("{9A19103F-16F7-4668-BE54-9A1E7A4F7556}") = "YoYoTest.Application", "YoYoTest.Application\YoYoTest.Application.csproj", "{D767D1CE-16E2-4B88-A15B-A2FFA7BE5429}"
EndProject
Global
	GlobalSection(SolutionConfigurationPlatforms) = preSolution
		Debug|Any CPU = Debug|Any CPU
		Release|Any CPU = Release|Any CPU
	EndGlobalSection
	GlobalSection(ProjectConfigurationPlatforms) = postSolution
		{31A5D3C8-ACA5-43B6-A7B0-DBE0B31A548F}.Debug|Any CPU.ActiveCfg = Debug|Any CPU
		{31A5D3C8-ACA5-43B6-A7B0-DBE0B31A548F}.Debug|Any CPU.Build.0 = Debug|Any CPU
		{31A5D3C8-ACA5-43B6-A7B0-DBE0B31A548F}.Release|Any CPU.ActiveCfg = Release|Any CPU
		{31A5D3C8-ACA5-43B6-A7B0-DBE0B31A548F}.Release|Any CPU.Build.0 = Release|Any CPU
		{D767D1CE-16E2-4B88-A15B-A2FFA7BE5429}.Debug|Any CPU.ActiveCfg = Debug|Any CPU
		{D767D1CE-16E2-4B88-A15B-A2FFA7BE5429}.Debug|Any CPU.Build.0 = Debug|Any CPU
		{D767D1CE-16E2-4B88-A15B-A2FFA7BE5429}.Release|Any CPU.ActiveCfg = Release|Any CPU
		{D767D1CE-16E2-4B88-A15B-A2FFA7BE5429}.Release|Any CPU.Build.0 = Release|Any CPU
	EndGlobalSection
	GlobalSection(SolutionProperties) = preSolution
		HideSolutionNode = FALSE
	EndGlobalSection
	GlobalSection(ExtensibilityGlobals) = postSolution
		SolutionGuid = {18E5EE75-27AF-4231-B991-2B23166E8C2D}
	EndGlobalSection
EndGlobal
